{
  "name": "satyachain-foundry",
  "version": "1.0.0",
  "lockfileVersion": 3,
  "requires": true,
  "packages": {
    "": {
      "name": "satyachain-foundry",
      "version": "1.0.0",
      "dependencies": {
        "forge-std": "https://github.com/foundry-rs/forge-std.git"
      }
    },
    "node_modules/forge-std": {
      "version": "1.15.0",
      "resolved": "git+ssh://git@github.com/foundry-rs/forge-std.git#c0f966cb111f621bfb283b2a388bc7be18953bba",
      "license": "(Apache-2.0 OR MIT)"
    }
  }
}
